
Microsoft Visual Studio Solution File, Format Version 12.00
# Visual Studio Version 17
VisualStudioVersion = 17.8.34316.72
MinimumVisualStudioVersion = 10.0.40219.1
Project("{9A19103F-16F7-4668-BE54-9A1E7A4F7556}") = "HW5_1", "HW5_1\HW5_1.csproj", "{68935392-B15C-4663-8119-FB3495E0C299}"
EndProject
Project("{9A19103F-16F7-4668-BE54-9A1E7A4F7556}") = "fact", "fact\fact.csproj", "{91DE6AEE-9B5B-4624-BEC3-AD6966428D88}"
EndProject
Project("{2150E333-8FDC-42A3-9474-1A3956D46DE8}") = "HW_6", "HW_6", "{A3191519-22CB-4C4F-BB68-97EB99DEDA29}"
EndProject
Project("{9A19103F-16F7-4668-BE54-9A1E7A4F7556}") = "AddToArray", "AddToArray\AddToArray.csproj", "{CEF04500-171B-4C57-A591-5B0C4915D00E}"
EndProject
Project("{9A19103F-16F7-4668-BE54-9A1E7A4F7556}") = "matrix", "matrix\matrix.csproj", "{468342B3-F61F-4BAF-BE61-326C809C0B1F}"
EndProject
Project("{2150E333-8FDC-42A3-9474-1A3956D46DE8}") = "HW_7", "HW_7", "{FB3C2EC5-1F80-428A-B437-B7B9D236C2E9}"
EndProject
Project("{9A19103F-16F7-4668-BE54-9A1E7A4F7556}") = "HW_7_task1", "HW_7\HW_7_task1\HW_7_task1.csproj", "{6550FD26-BC4D-4859-A092-B3FD20FAE76C}"
EndProject
Project("{9A19103F-16F7-4668-BE54-9A1E7A4F7556}") = "Cone", "HW_7\Cone\Cone.csproj", "{8A75A3FA-4766-4B43-90D9-44E8DD551B87}"
EndProject
Project("{9A19103F-16F7-4668-BE54-9A1E7A4F7556}") = "ClassLibrary", "ClassLibrary\ClassLibrary.csproj", "{85BA50C2-5D80-40B8-BF92-C4C61D0056E9}"
EndProject
Project("{9A19103F-16F7-4668-BE54-9A1E7A4F7556}") = "StackTest", "HW_7\StackTest\StackTest.csproj", "{9B461AC3-3E5B-4AC3-9F5F-1E8F4E78AF2D}"
EndProject
Project("{2150E333-8FDC-42A3-9474-1A3956D46DE8}") = "HW_8", "HW_8", "{D13ECB58-F17B-4339-88AA-AE41885D986E}"
EndProject
Project("{9A19103F-16F7-4668-BE54-9A1E7A4F7556}") = "HW_8_ForTest_classes", "HW_8\HW_8_ForTest_classes\HW_8_ForTest_classes.csproj", "{DA2D36AF-731B-4A15-A37E-3FDC12DBCE2B}"
EndProject
Project("{9A19103F-16F7-4668-BE54-9A1E7A4F7556}") = "HW_8_Library", "HW_8\HW_8_Library\HW_8_Library.csproj", "{D08BE3F6-FAA0-4970-9860-FC91CAA925D5}"
EndProject
Project("{2150E333-8FDC-42A3-9474-1A3956D46DE8}") = "HW_9", "HW_9", "{AE4594B0-0FA6-4441-A5F7-653148CA9833}"
EndProject
Project("{9A19103F-16F7-4668-BE54-9A1E7A4F7556}") = "Animal", "HW_9\Animal\Animal.csproj", "{0DDD407F-CDAB-437E-8CBF-298578B1DB11}"
EndProject
Project("{FAE04EC0-301F-11D3-BF4B-00C04F79EFBC}") = "ControlWork", "ControlWork\ControlWork.csproj", "{B7752F7C-3F8D-474D-9D44-E88DD275C15A}"
EndProject
Project("{FAE04EC0-301F-11D3-BF4B-00C04F79EFBC}") = "BankCard", "Banc\BankCard.csproj", "{17662139-D7BC-4031-B666-C8EEF368E08E}"
EndProject
Global
	GlobalSection(SolutionConfigurationPlatforms) = preSolution
		Debug|Any CPU = Debug|Any CPU
		Release|Any CPU = Release|Any CPU
	EndGlobalSection
	GlobalSection(ProjectConfigurationPlatforms) = postSolution
		{68935392-B15C-4663-8119-FB3495E0C299}.Debug|Any CPU.ActiveCfg = Debug|Any CPU
		{68935392-B15C-4663-8119-FB3495E0C299}.Debug|Any CPU.Build.0 = Debug|Any CPU
		{68935392-B15C-4663-8119-FB3495E0C299}.Release|Any CPU.ActiveCfg = Release|Any CPU
		{68935392-B15C-4663-8119-FB3495E0C299}.Release|Any CPU.Build.0 = Release|Any CPU
		{91DE6AEE-9B5B-4624-BEC3-AD6966428D88}.Debug|Any CPU.ActiveCfg = Debug|Any CPU
		{91DE6AEE-9B5B-4624-BEC3-AD6966428D88}.Debug|Any CPU.Build.0 = Debug|Any CPU
		{91DE6AEE-9B5B-4624-BEC3-AD6966428D88}.Release|Any CPU.ActiveCfg = Release|Any CPU
		{91DE6AEE-9B5B-4624-BEC3-AD6966428D88}.Release|Any CPU.Build.0 = Release|Any CPU
		{CEF04500-171B-4C57-A591-5B0C4915D00E}.Debug|Any CPU.ActiveCfg = Debug|Any CPU
		{CEF04500-171B-4C57-A591-5B0C4915D00E}.Debug|Any CPU.Build.0 = Debug|Any CPU
		{CEF04500-171B-4C57-A591-5B0C4915D00E}.Release|Any CPU.ActiveCfg = Release|Any CPU
		{CEF04500-171B-4C57-A591-5B0C4915D00E}.Release|Any CPU.Build.0 = Release|Any CPU
		{468342B3-F61F-4BAF-BE61-326C809C0B1F}.Debug|Any CPU.ActiveCfg = Debug|Any CPU
		{468342B3-F61F-4BAF-BE61-326C809C0B1F}.Debug|Any CPU.Build.0 = Debug|Any CPU
		{468342B3-F61F-4BAF-BE61-326C809C0B1F}.Release|Any CPU.ActiveCfg = Release|Any CPU
		{468342B3-F61F-4BAF-BE61-326C809C0B1F}.Release|Any CPU.Build.0 = Release|Any CPU
		{6550FD26-BC4D-4859-A092-B3FD20FAE76C}.Debug|Any CPU.ActiveCfg = Debug|Any CPU
		{6550FD26-BC4D-4859-A092-B3FD20FAE76C}.Debug|Any CPU.Build.0 = Debug|Any CPU
		{6550FD26-BC4D-4859-A092-B3FD20FAE76C}.Release|Any CPU.ActiveCfg = Release|Any CPU
		{6550FD26-BC4D-4859-A092-B3FD20FAE76C}.Release|Any CPU.Build.0 = Release|Any CPU
		{8A75A3FA-4766-4B43-90D9-44E8DD551B87}.Debug|Any CPU.ActiveCfg = Debug|Any CPU
		{8A75A3FA-4766-4B43-90D9-44E8DD551B87}.Debug|Any CPU.Build.0 = Debug|Any CPU
		{8A75A3FA-4766-4B43-90D9-44E8DD551B87}.Release|Any CPU.ActiveCfg = Release|Any CPU
		{8A75A3FA-4766-4B43-90D9-44E8DD551B87}.Release|Any CPU.Build.0 = Release|Any CPU
		{85BA50C2-5D80-40B8-BF92-C4C61D0056E9}.Debug|Any CPU.ActiveCfg = Debug|Any CPU
		{85BA50C2-5D80-40B8-BF92-C4C61D0056E9}.Debug|Any CPU.Build.0 = Debug|Any CPU
		{85BA50C2-5D80-40B8-BF92-C4C61D0056E9}.Release|Any CPU.ActiveCfg = Release|Any CPU
		{85BA50C2-5D80-40B8-BF92-C4C61D0056E9}.Release|Any CPU.Build.0 = Release|Any CPU
		{9B461AC3-3E5B-4AC3-9F5F-1E8F4E78AF2D}.Debug|Any CPU.ActiveCfg = Debug|Any CPU
		{9B461AC3-3E5B-4AC3-9F5F-1E8F4E78AF2D}.Debug|Any CPU.Build.0 = Debug|Any CPU
		{9B461AC3-3E5B-4AC3-9F5F-1E8F4E78AF2D}.Release|Any CPU.ActiveCfg = Release|Any CPU
		{9B461AC3-3E5B-4AC3-9F5F-1E8F4E78AF2D}.Release|Any CPU.Build.0 = Release|Any CPU
		{DA2D36AF-731B-4A15-A37E-3FDC12DBCE2B}.Debug|Any CPU.ActiveCfg = Debug|Any CPU
		{DA2D36AF-731B-4A15-A37E-3FDC12DBCE2B}.Debug|Any CPU.Build.0 = Debug|Any CPU
		{DA2D36AF-731B-4A15-A37E-3FDC12DBCE2B}.Release|Any CPU.ActiveCfg = Release|Any CPU
		{DA2D36AF-731B-4A15-A37E-3FDC12DBCE2B}.Release|Any CPU.Build.0 = Release|Any CPU
		{D08BE3F6-FAA0-4970-9860-FC91CAA925D5}.Debug|Any CPU.ActiveCfg = Debug|Any CPU
		{D08BE3F6-FAA0-4970-9860-FC91CAA925D5}.Debug|Any CPU.Build.0 = Debug|Any CPU
		{D08BE3F6-FAA0-4970-9860-FC91CAA925D5}.Release|Any CPU.ActiveCfg = Release|Any CPU
		{D08BE3F6-FAA0-4970-9860-FC91CAA925D5}.Release|Any CPU.Build.0 = Release|Any CPU
		{0DDD407F-CDAB-437E-8CBF-298578B1DB11}.Debug|Any CPU.ActiveCfg = Debug|Any CPU
		{0DDD407F-CDAB-437E-8CBF-298578B1DB11}.Debug|Any CPU.Build.0 = Debug|Any CPU
		{0DDD407F-CDAB-437E-8CBF-298578B1DB11}.Release|Any CPU.ActiveCfg = Release|Any CPU
		{0DDD407F-CDAB-437E-8CBF-298578B1DB11}.Release|Any CPU.Build.0 = Release|Any CPU
		{B7752F7C-3F8D-474D-9D44-E88DD275C15A}.Debug|Any CPU.ActiveCfg = Debug|Any CPU
		{B7752F7C-3F8D-474D-9D44-E88DD275C15A}.Debug|Any CPU.Build.0 = Debug|Any CPU
		{B7752F7C-3F8D-474D-9D44-E88DD275C15A}.Release|Any CPU.ActiveCfg = Release|Any CPU
		{B7752F7C-3F8D-474D-9D44-E88DD275C15A}.Release|Any CPU.Build.0 = Release|Any CPU
		{17662139-D7BC-4031-B666-C8EEF368E08E}.Debug|Any CPU.ActiveCfg = Debug|Any CPU
		{17662139-D7BC-4031-B666-C8EEF368E08E}.Debug|Any CPU.Build.0 = Debug|Any CPU
		{17662139-D7BC-4031-B666-C8EEF368E08E}.Release|Any CPU.ActiveCfg = Release|Any CPU
		{17662139-D7BC-4031-B666-C8EEF368E08E}.Release|Any CPU.Build.0 = Release|Any CPU
	EndGlobalSection
	GlobalSection(SolutionProperties) = preSolution
		HideSolutionNode = FALSE
	EndGlobalSection
	GlobalSection(NestedProjects) = preSolution
		{CEF04500-171B-4C57-A591-5B0C4915D00E} = {A3191519-22CB-4C4F-BB68-97EB99DEDA29}
		{6550FD26-BC4D-4859-A092-B3FD20FAE76C} = {FB3C2EC5-1F80-428A-B437-B7B9D236C2E9}
		{8A75A3FA-4766-4B43-90D9-44E8DD551B87} = {FB3C2EC5-1F80-428A-B437-B7B9D236C2E9}
		{9B461AC3-3E5B-4AC3-9F5F-1E8F4E78AF2D} = {FB3C2EC5-1F80-428A-B437-B7B9D236C2E9}
		{DA2D36AF-731B-4A15-A37E-3FDC12DBCE2B} = {D13ECB58-F17B-4339-88AA-AE41885D986E}
		{D08BE3F6-FAA0-4970-9860-FC91CAA925D5} = {D13ECB58-F17B-4339-88AA-AE41885D986E}
		{0DDD407F-CDAB-437E-8CBF-298578B1DB11} = {AE4594B0-0FA6-4441-A5F7-653148CA9833}
	EndGlobalSection
	GlobalSection(ExtensibilityGlobals) = postSolution
		SolutionGuid = {517E5D72-87FD-44DA-B303-2C48984C946F}
	EndGlobalSection
EndGlobal
