
Microsoft Visual Studio Solution File, Format Version 12.00
# Visual Studio Version 17
VisualStudioVersion = 17.8.34316.72
MinimumVisualStudioVersion = 10.0.40219.1
Project("{2150E333-8FDC-42A3-9474-1A3956D46DE8}") = "HW_13", "HW_13", "{ADE98769-E429-499A-A8F5-7FDAF730D2A8}"
EndProject
Project("{FAE04EC0-301F-11D3-BF4B-00C04F79EFBC}") = "Dictionary", "HW_13\Dictionary\Dictionary.csproj", "{9B6F2C15-E9D1-4EAB-B35D-9AA4DF8CF1BA}"
EndProject
Global
	GlobalSection(SolutionConfigurationPlatforms) = preSolution
		Debug|Any CPU = Debug|Any CPU
		Release|Any CPU = Release|Any CPU
	EndGlobalSection
	GlobalSection(ProjectConfigurationPlatforms) = postSolution
		{9B6F2C15-E9D1-4EAB-B35D-9AA4DF8CF1BA}.Debug|Any CPU.ActiveCfg = Debug|Any CPU
		{9B6F2C15-E9D1-4EAB-B35D-9AA4DF8CF1BA}.Debug|Any CPU.Build.0 = Debug|Any CPU
		{9B6F2C15-E9D1-4EAB-B35D-9AA4DF8CF1BA}.Release|Any CPU.ActiveCfg = Release|Any CPU
		{9B6F2C15-E9D1-4EAB-B35D-9AA4DF8CF1BA}.Release|Any CPU.Build.0 = Release|Any CPU
	EndGlobalSection
	GlobalSection(SolutionProperties) = preSolution
		HideSolutionNode = FALSE
	EndGlobalSection
	GlobalSection(NestedProjects) = preSolution
		{9B6F2C15-E9D1-4EAB-B35D-9AA4DF8CF1BA} = {ADE98769-E429-499A-A8F5-7FDAF730D2A8}
	EndGlobalSection
	GlobalSection(ExtensibilityGlobals) = postSolution
		SolutionGuid = {517E5D72-87FD-44DA-B303-2C48984C946F}
	EndGlobalSection
EndGlobal
