
Microsoft Visual Studio Solution File, Format Version 12.00
# Visual Studio Version 17
VisualStudioVersion = 17.8.34316.72
MinimumVisualStudioVersion = 10.0.40219.1
Project("{9A19103F-16F7-4668-BE54-9A1E7A4F7556}") = "HW_19 - 1", "HW_19\HW_19 - 1\HW_19 - 1.csproj", "{A3ACA391-D167-4896-8E1B-3FEB8647179B}"
EndProject
Project("{9A19103F-16F7-4668-BE54-9A1E7A4F7556}") = "WH_19-2", "HW_19\WH_19-2\WH_19-2.csproj", "{7DB12F4C-5B51-4258-9324-B4F93BC2A15E}"
EndProject
Project("{FAE04EC0-301F-11D3-BF4B-00C04F79EFBC}") = "HW_19-3", "HW_19\HW_19-3\HW_19-3.csproj", "{74FF044C-813E-4512-9A60-06BF5F56B94E}"
EndProject
Global
	GlobalSection(SolutionConfigurationPlatforms) = preSolution
		Debug|Any CPU = Debug|Any CPU
		Release|Any CPU = Release|Any CPU
	EndGlobalSection
	GlobalSection(ProjectConfigurationPlatforms) = postSolution
		{A3ACA391-D167-4896-8E1B-3FEB8647179B}.Debug|Any CPU.ActiveCfg = Debug|Any CPU
		{A3ACA391-D167-4896-8E1B-3FEB8647179B}.Debug|Any CPU.Build.0 = Debug|Any CPU
		{A3ACA391-D167-4896-8E1B-3FEB8647179B}.Release|Any CPU.ActiveCfg = Release|Any CPU
		{A3ACA391-D167-4896-8E1B-3FEB8647179B}.Release|Any CPU.Build.0 = Release|Any CPU
		{7DB12F4C-5B51-4258-9324-B4F93BC2A15E}.Debug|Any CPU.ActiveCfg = Debug|Any CPU
		{7DB12F4C-5B51-4258-9324-B4F93BC2A15E}.Debug|Any CPU.Build.0 = Debug|Any CPU
		{7DB12F4C-5B51-4258-9324-B4F93BC2A15E}.Release|Any CPU.ActiveCfg = Release|Any CPU
		{7DB12F4C-5B51-4258-9324-B4F93BC2A15E}.Release|Any CPU.Build.0 = Release|Any CPU
		{74FF044C-813E-4512-9A60-06BF5F56B94E}.Debug|Any CPU.ActiveCfg = Debug|Any CPU
		{74FF044C-813E-4512-9A60-06BF5F56B94E}.Debug|Any CPU.Build.0 = Debug|Any CPU
		{74FF044C-813E-4512-9A60-06BF5F56B94E}.Release|Any CPU.ActiveCfg = Release|Any CPU
		{74FF044C-813E-4512-9A60-06BF5F56B94E}.Release|Any CPU.Build.0 = Release|Any CPU
	EndGlobalSection
	GlobalSection(SolutionProperties) = preSolution
		HideSolutionNode = FALSE
	EndGlobalSection
	GlobalSection(ExtensibilityGlobals) = postSolution
		SolutionGuid = {517E5D72-87FD-44DA-B303-2C48984C946F}
	EndGlobalSection
EndGlobal
